
Microsoft Visual Studio Solution File, Format Version 12.00
# Visual Studio Version 17
VisualStudioVersion = 17.4.33122.133
MinimumVisualStudioVersion = 10.0.40219.1
Project("{FAE04EC0-301F-11D3-BF4B-00C04F79EFBC}") = "LifeOfGame", "LifeOfGame\LifeOfGame.csproj", "{4C471BFD-8E02-4B1B-8608-2ED1CEB6FF22}"
EndProject
Global
	GlobalSection(SolutionConfigurationPlatforms) = preSolution
		Debug|Any CPU = Debug|Any CPU
		Release|Any CPU = Release|Any CPU
	EndGlobalSection
	GlobalSection(ProjectConfigurationPlatforms) = postSolution
		{4C471BFD-8E02-4B1B-8608-2ED1CEB6FF22}.Debug|Any CPU.ActiveCfg = Debug|Any CPU
		{4C471BFD-8E02-4B1B-8608-2ED1CEB6FF22}.Debug|Any CPU.Build.0 = Debug|Any CPU
		{4C471BFD-8E02-4B1B-8608-2ED1CEB6FF22}.Release|Any CPU.ActiveCfg = Release|Any CPU
		{4C471BFD-8E02-4B1B-8608-2ED1CEB6FF22}.Release|Any CPU.Build.0 = Release|Any CPU
	EndGlobalSection
	GlobalSection(SolutionProperties) = preSolution
		HideSolutionNode = FALSE
	EndGlobalSection
	GlobalSection(ExtensibilityGlobals) = postSolution
		SolutionGuid = {7B490ED7-2C11-4A7E-8B83-C05F281D1EE7}
	EndGlobalSection
EndGlobal
